// !$*UTF8*$!
{
	archiveVersion = 1;
	classes = {
	};
	objectVersion = 55;
	objects = {

/* Begin PBXBuildFile section */
		F90221A529C1FD37005552EC /* WizardingWorldApp.swift in Sources */ = {isa = PBXBuildFile; fileRef = F90221A429C1FD37005552EC /* WizardingWorldApp.swift */; };
		F90221A729C1FD37005552EC /* ContentView.swift in Sources */ = {isa = PBXBuildFile; fileRef = F90221A629C1FD37005552EC /* ContentView.swift */; };
		F90221A929C1FD3B005552EC /* Assets.xcassets in Resources */ = {isa = PBXBuildFile; fileRef = F90221A829C1FD3B005552EC /* Assets.xcassets */; };
		F90221AC29C1FD3B005552EC /* Preview Assets.xcassets in Resources */ = {isa = PBXBuildFile; fileRef = F90221AB29C1FD3B005552EC /* Preview Assets.xcassets */; };
		F90221BB29C1FE0E005552EC /* CharactersView.swift in Sources */ = {isa = PBXBuildFile; fileRef = F90221BA29C1FE0E005552EC /* CharactersView.swift */; };
		F90221BF29C1FE20005552EC /* CharactersListView.swift in Sources */ = {isa = PBXBuildFile; fileRef = F90221BE29C1FE20005552EC /* CharactersListView.swift */; };
		F90221C129C1FE21005552EC /* CharactersGridView.swift in Sources */ = {isa = PBXBuildFile; fileRef = F90221C029C1FE21005552EC /* CharactersGridView.swift */; };
		F90221C329C1FE23005552EC /* CharactersDetailView.swift in Sources */ = {isa = PBXBuildFile; fileRef = F90221C229C1FE23005552EC /* CharactersDetailView.swift */; };
		F90221C729C1FE2F005552EC /* ElixirStruct.swift in Sources */ = {isa = PBXBuildFile; fileRef = F90221C429C1FE2F005552EC /* ElixirStruct.swift */; };
		F90221C829C1FE2F005552EC /* ElixirDetailView.swift in Sources */ = {isa = PBXBuildFile; fileRef = F90221C529C1FE2F005552EC /* ElixirDetailView.swift */; };
		F90221C929C1FE2F005552EC /* ElixirsView.swift in Sources */ = {isa = PBXBuildFile; fileRef = F90221C629C1FE2F005552EC /* ElixirsView.swift */; };
		F90221D129C1FE46005552EC /* SpellsDetailView.swift in Sources */ = {isa = PBXBuildFile; fileRef = F90221CB29C1FE45005552EC /* SpellsDetailView.swift */; };
		F90221D229C1FE46005552EC /* SpellStruct.swift in Sources */ = {isa = PBXBuildFile; fileRef = F90221CE29C1FE45005552EC /* SpellStruct.swift */; };
		F90221D329C1FE46005552EC /* HousesDetailView.swift in Sources */ = {isa = PBXBuildFile; fileRef = F90221CF29C1FE45005552EC /* HousesDetailView.swift */; };
		F90221D429C1FE46005552EC /* HousesStruct.swift in Sources */ = {isa = PBXBuildFile; fileRef = F90221CC29C1FE45005552EC /* HousesStruct.swift */; };
		F90221D529C1FE46005552EC /* SpellsView.swift in Sources */ = {isa = PBXBuildFile; fileRef = F90221D029C1FE46005552EC /* SpellsView.swift */; };
		F90221D629C1FE46005552EC /* CharacterStruct.swift in Sources */ = {isa = PBXBuildFile; fileRef = F90221CA29C1FE45005552EC /* CharacterStruct.swift */; };
		F90221D729C1FE46005552EC /* HousesView.swift in Sources */ = {isa = PBXBuildFile; fileRef = F90221CD29C1FE45005552EC /* HousesView.swift */; };
/* End PBXBuildFile section */

/* Begin PBXFileReference section */
		F90221A129C1FD37005552EC /* WizardingWorld.app */ = {isa = PBXFileReference; explicitFileType = wrapper.application; includeInIndex = 0; path = WizardingWorld.app; sourceTree = BUILT_PRODUCTS_DIR; };
		F90221A429C1FD37005552EC /* WizardingWorldApp.swift */ = {isa = PBXFileReference; lastKnownFileType = sourcecode.swift; path = WizardingWorldApp.swift; sourceTree = "<group>"; };
		F90221A629C1FD37005552EC /* ContentView.swift */ = {isa = PBXFileReference; lastKnownFileType = sourcecode.swift; path = ContentView.swift; sourceTree = "<group>"; };
		F90221A829C1FD3B005552EC /* Assets.xcassets */ = {isa = PBXFileReference; lastKnownFileType = folder.assetcatalog; path = Assets.xcassets; sourceTree = "<group>"; };
		F90221AB29C1FD3B005552EC /* Preview Assets.xcassets */ = {isa = PBXFileReference; lastKnownFileType = folder.assetcatalog; path = "Preview Assets.xcassets"; sourceTree = "<group>"; };
		F90221BA29C1FE0E005552EC /* CharactersView.swift */ = {isa = PBXFileReference; lastKnownFileType = sourcecode.swift; path = CharactersView.swift; sourceTree = "<group>"; };
		F90221BE29C1FE20005552EC /* CharactersListView.swift */ = {isa = PBXFileReference; lastKnownFileType = sourcecode.swift; path = CharactersListView.swift; sourceTree = "<group>"; };
		F90221C029C1FE21005552EC /* CharactersGridView.swift */ = {isa = PBXFileReference; lastKnownFileType = sourcecode.swift; path = CharactersGridView.swift; sourceTree = "<group>"; };
		F90221C229C1FE23005552EC /* CharactersDetailView.swift */ = {isa = PBXFileReference; lastKnownFileType = sourcecode.swift; path = CharactersDetailView.swift; sourceTree = "<group>"; };
		F90221C429C1FE2F005552EC /* ElixirStruct.swift */ = {isa = PBXFileReference; lastKnownFileType = sourcecode.swift; path = ElixirStruct.swift; sourceTree = "<group>"; };
		F90221C529C1FE2F005552EC /* ElixirDetailView.swift */ = {isa = PBXFileReference; lastKnownFileType = sourcecode.swift; path = ElixirDetailView.swift; sourceTree = "<group>"; };
		F90221C629C1FE2F005552EC /* ElixirsView.swift */ = {isa = PBXFileReference; lastKnownFileType = sourcecode.swift; path = ElixirsView.swift; sourceTree = "<group>"; };
		F90221CA29C1FE45005552EC /* CharacterStruct.swift */ = {isa = PBXFileReference; lastKnownFileType = sourcecode.swift; path = CharacterStruct.swift; sourceTree = "<group>"; };
		F90221CB29C1FE45005552EC /* SpellsDetailView.swift */ = {isa = PBXFileReference; lastKnownFileType = sourcecode.swift; path = SpellsDetailView.swift; sourceTree = "<group>"; };
		F90221CC29C1FE45005552EC /* HousesStruct.swift */ = {isa = PBXFileReference; lastKnownFileType = sourcecode.swift; path = HousesStruct.swift; sourceTree = "<group>"; };
		F90221CD29C1FE45005552EC /* HousesView.swift */ = {isa = PBXFileReference; lastKnownFileType = sourcecode.swift; path = HousesView.swift; sourceTree = "<group>"; };
		F90221CE29C1FE45005552EC /* SpellStruct.swift */ = {isa = PBXFileReference; lastKnownFileType = sourcecode.swift; path = SpellStruct.swift; sourceTree = "<group>"; };
		F90221CF29C1FE45005552EC /* HousesDetailView.swift */ = {isa = PBXFileReference; lastKnownFileType = sourcecode.swift; path = HousesDetailView.swift; sourceTree = "<group>"; };
		F90221D029C1FE46005552EC /* SpellsView.swift */ = {isa = PBXFileReference; lastKnownFileType = sourcecode.swift; path = SpellsView.swift; sourceTree = "<group>"; };
/* End PBXFileReference section */

/* Begin PBXFrameworksBuildPhase section */
		F902219E29C1FD37005552EC /* Frameworks */ = {
			isa = PBXFrameworksBuildPhase;
			buildActionMask = 2147483647;
			files = (
			);
			runOnlyForDeploymentPostprocessing = 0;
		};
/* End PBXFrameworksBuildPhase section */

/* Begin PBXGroup section */
		F902219829C1FD37005552EC = {
			isa = PBXGroup;
			children = (
				F90221A329C1FD37005552EC /* WizardingWorld */,
				F90221A229C1FD37005552EC /* Products */,
			);
			sourceTree = "<group>";
		};
		F90221A229C1FD37005552EC /* Products */ = {
			isa = PBXGroup;
			children = (
				F90221A129C1FD37005552EC /* WizardingWorld.app */,
			);
			name = Products;
			sourceTree = "<group>";
		};
		F90221A329C1FD37005552EC /* WizardingWorld */ = {
			isa = PBXGroup;
			children = (
				F90221A629C1FD37005552EC /* ContentView.swift */,
				F90221A429C1FD37005552EC /* WizardingWorldApp.swift */,
				F90221D829C20A4D005552EC /* Elixir */,
				F90221D929C20A69005552EC /* Characters */,
				F90221DA29C20A77005552EC /* Houses */,
				F90221DB29C20A83005552EC /* Spells */,
				F90221A829C1FD3B005552EC /* Assets.xcassets */,
				F90221AA29C1FD3B005552EC /* Preview Content */,
			);
			path = WizardingWorld;
			sourceTree = "<group>";
		};
		F90221AA29C1FD3B005552EC /* Preview Content */ = {
			isa = PBXGroup;
			children = (
				F90221AB29C1FD3B005552EC /* Preview Assets.xcassets */,
			);
			path = "Preview Content";
			sourceTree = "<group>";
		};
		F90221D829C20A4D005552EC /* Elixir */ = {
			isa = PBXGroup;
			children = (
				F90221C529C1FE2F005552EC /* ElixirDetailView.swift */,
				F90221C429C1FE2F005552EC /* ElixirStruct.swift */,
				F90221C629C1FE2F005552EC /* ElixirsView.swift */,
			);
			path = Elixir;
			sourceTree = "<group>";
		};
		F90221D929C20A69005552EC /* Characters */ = {
			isa = PBXGroup;
			children = (
				F90221C029C1FE21005552EC /* CharactersGridView.swift */,
				F90221CA29C1FE45005552EC /* CharacterStruct.swift */,
				F90221BE29C1FE20005552EC /* CharactersListView.swift */,
				F90221C229C1FE23005552EC /* CharactersDetailView.swift */,
				F90221BA29C1FE0E005552EC /* CharactersView.swift */,
			);
			path = Characters;
			sourceTree = "<group>";
		};
		F90221DA29C20A77005552EC /* Houses */ = {
			isa = PBXGroup;
			children = (
				F90221CF29C1FE45005552EC /* HousesDetailView.swift */,
				F90221CC29C1FE45005552EC /* HousesStruct.swift */,
				F90221CD29C1FE45005552EC /* HousesView.swift */,
			);
			path = Houses;
			sourceTree = "<group>";
		};
		F90221DB29C20A83005552EC /* Spells */ = {
			isa = PBXGroup;
			children = (
				F90221CB29C1FE45005552EC /* SpellsDetailView.swift */,
				F90221CE29C1FE45005552EC /* SpellStruct.swift */,
				F90221D029C1FE46005552EC /* SpellsView.swift */,
			);
			path = Spells;
			sourceTree = "<group>";
		};
/* End PBXGroup section */

/* Begin PBXNativeTarget section */
		F90221A029C1FD37005552EC /* WizardingWorld */ = {
			isa = PBXNativeTarget;
			buildConfigurationList = F90221AF29C1FD3B005552EC /* Build configuration list for PBXNativeTarget "WizardingWorld" */;
			buildPhases = (
				F902219D29C1FD37005552EC /* Sources */,
				F902219E29C1FD37005552EC /* Frameworks */,
				F902219F29C1FD37005552EC /* Resources */,
			);
			buildRules = (
			);
			dependencies = (
			);
			name = WizardingWorld;
			productName = WizardingWorld;
			productReference = F90221A129C1FD37005552EC /* WizardingWorld.app */;
			productType = "com.apple.product-type.application";
		};
/* End PBXNativeTarget section */

/* Begin PBXProject section */
		F902219929C1FD37005552EC /* Project object */ = {
			isa = PBXProject;
			attributes = {
				BuildIndependentTargetsInParallel = 1;
				LastSwiftUpdateCheck = 1320;
				LastUpgradeCheck = 1320;
				TargetAttributes = {
					F90221A029C1FD37005552EC = {
						CreatedOnToolsVersion = 13.2;
					};
				};
			};
			buildConfigurationList = F902219C29C1FD37005552EC /* Build configuration list for PBXProject "WizardingWorld" */;
			compatibilityVersion = "Xcode 13.0";
			developmentRegion = en;
			hasScannedForEncodings = 0;
			knownRegions = (
				en,
				Base,
			);
			mainGroup = F902219829C1FD37005552EC;
			productRefGroup = F90221A229C1FD37005552EC /* Products */;
			projectDirPath = "";
			projectRoot = "";
			targets = (
				F90221A029C1FD37005552EC /* WizardingWorld */,
			);
		};
/* End PBXProject section */

/* Begin PBXResourcesBuildPhase section */
		F902219F29C1FD37005552EC /* Resources */ = {
			isa = PBXResourcesBuildPhase;
			buildActionMask = 2147483647;
			files = (
				F90221AC29C1FD3B005552EC /* Preview Assets.xcassets in Resources */,
				F90221A929C1FD3B005552EC /* Assets.xcassets in Resources */,
			);
			runOnlyForDeploymentPostprocessing = 0;
		};
/* End PBXResourcesBuildPhase section */

/* Begin PBXSourcesBuildPhase section */
		F902219D29C1FD37005552EC /* Sources */ = {
			isa = PBXSourcesBuildPhase;
			buildActionMask = 2147483647;
			files = (
				F90221A729C1FD37005552EC /* ContentView.swift in Sources */,
				F90221C929C1FE2F005552EC /* ElixirsView.swift in Sources */,
				F90221D329C1FE46005552EC /* HousesDetailView.swift in Sources */,
				F90221BF29C1FE20005552EC /* CharactersListView.swift in Sources */,
				F90221D629C1FE46005552EC /* CharacterStruct.swift in Sources */,
				F90221A529C1FD37005552EC /* WizardingWorldApp.swift in Sources */,
				F90221C129C1FE21005552EC /* CharactersGridView.swift in Sources */,
				F90221C829C1FE2F005552EC /* ElixirDetailView.swift in Sources */,
				F90221BB29C1FE0E005552EC /* CharactersView.swift in Sources */,
				F90221D229C1FE46005552EC /* SpellStruct.swift in Sources */,
				F90221C329C1FE23005552EC /* CharactersDetailView.swift in Sources */,
				F90221D129C1FE46005552EC /* SpellsDetailView.swift in Sources */,
				F90221D529C1FE46005552EC /* SpellsView.swift in Sources */,
				F90221D729C1FE46005552EC /* HousesView.swift in Sources */,
				F90221C729C1FE2F005552EC /* ElixirStruct.swift in Sources */,
				F90221D429C1FE46005552EC /* HousesStruct.swift in Sources */,
			);
			runOnlyForDeploymentPostprocessing = 0;
		};
/* End PBXSourcesBuildPhase section */

/* Begin XCBuildConfiguration section */
		F90221AD29C1FD3B005552EC /* Debug */ = {
			isa = XCBuildConfiguration;
			buildSettings = {
				ALWAYS_SEARCH_USER_PATHS = NO;
				CLANG_ANALYZER_NONNULL = YES;
				CLANG_ANALYZER_NUMBER_OBJECT_CONVERSION = YES_AGGRESSIVE;
				CLANG_CXX_LANGUAGE_STANDARD = "gnu++17";
				CLANG_CXX_LIBRARY = "libc++";
				CLANG_ENABLE_MODULES = YES;
				CLANG_ENABLE_OBJC_ARC = YES;
				CLANG_ENABLE_OBJC_WEAK = YES;
				CLANG_WARN_BLOCK_CAPTURE_AUTORELEASING = YES;
				CLANG_WARN_BOOL_CONVERSION = YES;
				CLANG_WARN_COMMA = YES;
				CLANG_WARN_CONSTANT_CONVERSION = YES;
				CLANG_WARN_DEPRECATED_OBJC_IMPLEMENTATIONS = YES;
				CLANG_WARN_DIRECT_OBJC_ISA_USAGE = YES_ERROR;
				CLANG_WARN_DOCUMENTATION_COMMENTS = YES;
				CLANG_WARN_EMPTY_BODY = YES;
				CLANG_WARN_ENUM_CONVERSION = YES;
				CLANG_WARN_INFINITE_RECURSION = YES;
				CLANG_WARN_INT_CONVERSION = YES;
				CLANG_WARN_NON_LITERAL_NULL_CONVERSION = YES;
				CLANG_WARN_OBJC_IMPLICIT_RETAIN_SELF = YES;
				CLANG_WARN_OBJC_LITERAL_CONVERSION = YES;
				CLANG_WARN_OBJC_ROOT_CLASS = YES_ERROR;
				CLANG_WARN_QUOTED_INCLUDE_IN_FRAMEWORK_HEADER = YES;
				CLANG_WARN_RANGE_LOOP_ANALYSIS = YES;
				CLANG_WARN_STRICT_PROTOTYPES = YES;
				CLANG_WARN_SUSPICIOUS_MOVE = YES;
				CLANG_WARN_UNGUARDED_AVAILABILITY = YES_AGGRESSIVE;
				CLANG_WARN_UNREACHABLE_CODE = YES;
				CLANG_WARN__DUPLICATE_METHOD_MATCH = YES;
				COPY_PHASE_STRIP = NO;
				DEBUG_INFORMATION_FORMAT = dwarf;
				ENABLE_STRICT_OBJC_MSGSEND = YES;
				ENABLE_TESTABILITY = YES;
				GCC_C_LANGUAGE_STANDARD = gnu11;
				GCC_DYNAMIC_NO_PIC = NO;
				GCC_NO_COMMON_BLOCKS = YES;
				GCC_OPTIMIZATION_LEVEL = 0;
				GCC_PREPROCESSOR_DEFINITIONS = (
					"DEBUG=1",
					"$(inherited)",
				);
				GCC_WARN_64_TO_32_BIT_CONVERSION = YES;
				GCC_WARN_ABOUT_RETURN_TYPE = YES_ERROR;
				GCC_WARN_UNDECLARED_SELECTOR = YES;
				GCC_WARN_UNINITIALIZED_AUTOS = YES_AGGRESSIVE;
				GCC_WARN_UNUSED_FUNCTION = YES;
				GCC_WARN_UNUSED_VARIABLE = YES;
				IPHONEOS_DEPLOYMENT_TARGET = 15.2;
				MTL_ENABLE_DEBUG_INFO = INCLUDE_SOURCE;
				MTL_FAST_MATH = YES;
				ONLY_ACTIVE_ARCH = YES;
				SDKROOT = iphoneos;
				SWIFT_ACTIVE_COMPILATION_CONDITIONS = DEBUG;
				SWIFT_OPTIMIZATION_LEVEL = "-Onone";
			};
			name = Debug;
		};
		F90221AE29C1FD3B005552EC /* Release */ = {
			isa = XCBuildConfiguration;
			buildSettings = {
				ALWAYS_SEARCH_USER_PATHS = NO;
				CLANG_ANALYZER_NONNULL = YES;
				CLANG_ANALYZER_NUMBER_OBJECT_CONVERSION = YES_AGGRESSIVE;
				CLANG_CXX_LANGUAGE_STANDARD = "gnu++17";
				CLANG_CXX_LIBRARY = "libc++";
				CLANG_ENABLE_MODULES = YES;
				CLANG_ENABLE_OBJC_ARC = YES;
				CLANG_ENABLE_OBJC_WEAK = YES;
				CLANG_WARN_BLOCK_CAPTURE_AUTORELEASING = YES;
				CLANG_WARN_BOOL_CONVERSION = YES;
				CLANG_WARN_COMMA = YES;
				CLANG_WARN_CONSTANT_CONVERSION = YES;
				CLANG_WARN_DEPRECATED_OBJC_IMPLEMENTATIONS = YES;
				CLANG_WARN_DIRECT_OBJC_ISA_USAGE = YES_ERROR;
				CLANG_WARN_DOCUMENTATION_COMMENTS = YES;
				CLANG_WARN_EMPTY_BODY = YES;
				CLANG_WARN_ENUM_CONVERSION = YES;
				CLANG_WARN_INFINITE_RECURSION = YES;
				CLANG_WARN_INT_CONVERSION = YES;
				CLANG_WARN_NON_LITERAL_NULL_CONVERSION = YES;
				CLANG_WARN_OBJC_IMPLICIT_RETAIN_SELF = YES;
				CLANG_WARN_OBJC_LITERAL_CONVERSION = YES;
				CLANG_WARN_OBJC_ROOT_CLASS = YES_ERROR;
				CLANG_WARN_QUOTED_INCLUDE_IN_FRAMEWORK_HEADER = YES;
				CLANG_WARN_RANGE_LOOP_ANALYSIS = YES;
				CLANG_WARN_STRICT_PROTOTYPES = YES;
				CLANG_WARN_SUSPICIOUS_MOVE = YES;
				CLANG_WARN_UNGUARDED_AVAILABILITY = YES_AGGRESSIVE;
				CLANG_WARN_UNREACHABLE_CODE = YES;
				CLANG_WARN__DUPLICATE_METHOD_MATCH = YES;
				COPY_PHASE_STRIP = NO;
				DEBUG_INFORMATION_FORMAT = "dwarf-with-dsym";
				ENABLE_NS_ASSERTIONS = NO;
				ENABLE_STRICT_OBJC_MSGSEND = YES;
				GCC_C_LANGUAGE_STANDARD = gnu11;
				GCC_NO_COMMON_BLOCKS = YES;
				GCC_WARN_64_TO_32_BIT_CONVERSION = YES;
				GCC_WARN_ABOUT_RETURN_TYPE = YES_ERROR;
				GCC_WARN_UNDECLARED_SELECTOR = YES;
				GCC_WARN_UNINITIALIZED_AUTOS = YES_AGGRESSIVE;
				GCC_WARN_UNUSED_FUNCTION = YES;
				GCC_WARN_UNUSED_VARIABLE = YES;
				IPHONEOS_DEPLOYMENT_TARGET = 15.2;
				MTL_ENABLE_DEBUG_INFO = NO;
				MTL_FAST_MATH = YES;
				SDKROOT = iphoneos;
				SWIFT_COMPILATION_MODE = wholemodule;
				SWIFT_OPTIMIZATION_LEVEL = "-O";
				VALIDATE_PRODUCT = YES;
			};
			name = Release;
		};
		F90221B029C1FD3B005552EC /* Debug */ = {
			isa = XCBuildConfiguration;
			buildSettings = {
				ASSETCATALOG_COMPILER_APPICON_NAME = AppIcon;
				ASSETCATALOG_COMPILER_GLOBAL_ACCENT_COLOR_NAME = AccentColor;
				CODE_SIGN_STYLE = Automatic;
				CURRENT_PROJECT_VERSION = 1;
				DEVELOPMENT_ASSET_PATHS = "\"WizardingWorld/Preview Content\"";
				DEVELOPMENT_TEAM = AWYS5CZRGR;
				ENABLE_PREVIEWS = YES;
				GENERATE_INFOPLIST_FILE = YES;
				INFOPLIST_KEY_UIApplicationSceneManifest_Generation = YES;
				INFOPLIST_KEY_UIApplicationSupportsIndirectInputEvents = YES;
				INFOPLIST_KEY_UILaunchScreen_Generation = YES;
				INFOPLIST_KEY_UISupportedInterfaceOrientations_iPad = "UIInterfaceOrientationPortrait UIInterfaceOrientationPortraitUpsideDown UIInterfaceOrientationLandscapeLeft UIInterfaceOrientationLandscapeRight";
				INFOPLIST_KEY_UISupportedInterfaceOrientations_iPhone = "UIInterfaceOrientationPortrait UIInterfaceOrientationLandscapeLeft UIInterfaceOrientationLandscapeRight";
				LD_RUNPATH_SEARCH_PATHS = (
					"$(inherited)",
					"@executable_path/Frameworks",
				);
				MARKETING_VERSION = 1.0;
				PRODUCT_BUNDLE_IDENTIFIER = me.ricci.biagio.WizardingWorld;
				PRODUCT_NAME = "$(TARGET_NAME)";
				SWIFT_EMIT_LOC_STRINGS = YES;
				SWIFT_VERSION = 5.0;
				TARGETED_DEVICE_FAMILY = "1,2";
			};
			name = Debug;
		};
		F90221B129C1FD3B005552EC /* Release */ = {
			isa = XCBuildConfiguration;
			buildSettings = {
				ASSETCATALOG_COMPILER_APPICON_NAME = AppIcon;
				ASSETCATALOG_COMPILER_GLOBAL_ACCENT_COLOR_NAME = AccentColor;
				CODE_SIGN_STYLE = Automatic;
				CURRENT_PROJECT_VERSION = 1;
				DEVELOPMENT_ASSET_PATHS = "\"WizardingWorld/Preview Content\"";
				DEVELOPMENT_TEAM = AWYS5CZRGR;
				ENABLE_PREVIEWS = YES;
				GENERATE_INFOPLIST_FILE = YES;
				INFOPLIST_KEY_UIApplicationSceneManifest_Generation = YES;
				INFOPLIST_KEY_UIApplicationSupportsIndirectInputEvents = YES;
				INFOPLIST_KEY_UILaunchScreen_Generation = YES;
				INFOPLIST_KEY_UISupportedInterfaceOrientations_iPad = "UIInterfaceOrientationPortrait UIInterfaceOrientationPortraitUpsideDown UIInterfaceOrientationLandscapeLeft UIInterfaceOrientationLandscapeRight";
				INFOPLIST_KEY_UISupportedInterfaceOrientations_iPhone = "UIInterfaceOrientationPortrait UIInterfaceOrientationLandscapeLeft UIInterfaceOrientationLandscapeRight";
				LD_RUNPATH_SEARCH_PATHS = (
					"$(inherited)",
					"@executable_path/Frameworks",
				);
				MARKETING_VERSION = 1.0;
				PRODUCT_BUNDLE_IDENTIFIER = me.ricci.biagio.WizardingWorld;
				PRODUCT_NAME = "$(TARGET_NAME)";
				SWIFT_EMIT_LOC_STRINGS = YES;
				SWIFT_VERSION = 5.0;
				TARGETED_DEVICE_FAMILY = "1,2";
			};
			name = Release;
		};
/* End XCBuildConfiguration section */

/* Begin XCConfigurationList section */
		F902219C29C1FD37005552EC /* Build configuration list for PBXProject "WizardingWorld" */ = {
			isa = XCConfigurationList;
			buildConfigurations = (
				F90221AD29C1FD3B005552EC /* Debug */,
				F90221AE29C1FD3B005552EC /* Release */,
			);
			defaultConfigurationIsVisible = 0;
			defaultConfigurationName = Release;
		};
		F90221AF29C1FD3B005552EC /* Build configuration list for PBXNativeTarget "WizardingWorld" */ = {
			isa = XCConfigurationList;
			buildConfigurations = (
				F90221B029C1FD3B005552EC /* Debug */,
				F90221B129C1FD3B005552EC /* Release */,
			);
			defaultConfigurationIsVisible = 0;
			defaultConfigurationName = Release;
		};
/* End XCConfigurationList section */
	};
	rootObject = F902219929C1FD37005552EC /* Project object */;
}
